
Microsoft Visual Studio Solution File, Format Version 12.00
# Visual Studio Version 17
VisualStudioVersion = 17.5.33627.172
MinimumVisualStudioVersion = 10.0.40219.1
Project("{FAE04EC0-301F-11D3-BF4B-00C04F79EFBC}") = "Ukesoppgave_3", "Ukesoppgave_3.csproj", "{CAC9132E-6290-482E-B175-AB72A75C97BA}"
EndProject
Global
	GlobalSection(SolutionConfigurationPlatforms) = preSolution
		Debug|Any CPU = Debug|Any CPU
		Release|Any CPU = Release|Any CPU
	EndGlobalSection
	GlobalSection(ProjectConfigurationPlatforms) = postSolution
		{CAC9132E-6290-482E-B175-AB72A75C97BA}.Debug|Any CPU.ActiveCfg = Debug|Any CPU
		{CAC9132E-6290-482E-B175-AB72A75C97BA}.Debug|Any CPU.Build.0 = Debug|Any CPU
		{CAC9132E-6290-482E-B175-AB72A75C97BA}.Release|Any CPU.ActiveCfg = Release|Any CPU
		{CAC9132E-6290-482E-B175-AB72A75C97BA}.Release|Any CPU.Build.0 = Release|Any CPU
	EndGlobalSection
	GlobalSection(SolutionProperties) = preSolution
		HideSolutionNode = FALSE
	EndGlobalSection
	GlobalSection(ExtensibilityGlobals) = postSolution
		SolutionGuid = {0BA34924-5E74-44F8-85E8-E1694FF0DBF4}
	EndGlobalSection
EndGlobal
